// !$*UTF8*$!
{
	archiveVersion = 1;
	classes = {
	};
	objectVersion = 46;
	objects = {

/* Begin PBXBuildFile section */
		EE2C6B971EB912DE00534258 /* AppDelegate.swift in Sources */ = {isa = PBXBuildFile; fileRef = EE2C6B961EB912DE00534258 /* AppDelegate.swift */; };
		EE2C6B991EB912DE00534258 /* ViewController.swift in Sources */ = {isa = PBXBuildFile; fileRef = EE2C6B981EB912DE00534258 /* ViewController.swift */; };
		EE2C6B9C1EB912DE00534258 /* Main.storyboard in Resources */ = {isa = PBXBuildFile; fileRef = EE2C6B9A1EB912DE00534258 /* Main.storyboard */; };
		EE2C6B9E1EB912DE00534258 /* Assets.xcassets in Resources */ = {isa = PBXBuildFile; fileRef = EE2C6B9D1EB912DE00534258 /* Assets.xcassets */; };
		EE2C6BA11EB912DE00534258 /* LaunchScreen.storyboard in Resources */ = {isa = PBXBuildFile; fileRef = EE2C6B9F1EB912DE00534258 /* LaunchScreen.storyboard */; };
		EE2C6BA91EB91BC300534258 /* cachorro.png in Resources */ = {isa = PBXBuildFile; fileRef = EE2C6BA81EB91BC300534258 /* cachorro.png */; };
/* End PBXBuildFile section */

/* Begin PBXFileReference section */
		EE2C6B931EB912DD00534258 /* IdadeCachorro.app */ = {isa = PBXFileReference; explicitFileType = wrapper.application; includeInIndex = 0; path = IdadeCachorro.app; sourceTree = BUILT_PRODUCTS_DIR; };
		EE2C6B961EB912DE00534258 /* AppDelegate.swift */ = {isa = PBXFileReference; lastKnownFileType = sourcecode.swift; path = AppDelegate.swift; sourceTree = "<group>"; };
		EE2C6B981EB912DE00534258 /* ViewController.swift */ = {isa = PBXFileReference; lastKnownFileType = sourcecode.swift; path = ViewController.swift; sourceTree = "<group>"; };
		EE2C6B9B1EB912DE00534258 /* Base */ = {isa = PBXFileReference; lastKnownFileType = file.storyboard; name = Base; path = Base.lproj/Main.storyboard; sourceTree = "<group>"; };
		EE2C6B9D1EB912DE00534258 /* Assets.xcassets */ = {isa = PBXFileReference; lastKnownFileType = folder.assetcatalog; path = Assets.xcassets; sourceTree = "<group>"; };
		EE2C6BA01EB912DE00534258 /* Base */ = {isa = PBXFileReference; lastKnownFileType = file.storyboard; name = Base; path = Base.lproj/LaunchScreen.storyboard; sourceTree = "<group>"; };
		EE2C6BA21EB912DE00534258 /* Info.plist */ = {isa = PBXFileReference; lastKnownFileType = text.plist.xml; path = Info.plist; sourceTree = "<group>"; };
		EE2C6BA81EB91BC300534258 /* cachorro.png */ = {isa = PBXFileReference; lastKnownFileType = image.png; path = cachorro.png; sourceTree = "<group>"; };
/* End PBXFileReference section */

/* Begin PBXFrameworksBuildPhase section */
		EE2C6B901EB912DC00534258 /* Frameworks */ = {
			isa = PBXFrameworksBuildPhase;
			buildActionMask = 2147483647;
			files = (
			);
			runOnlyForDeploymentPostprocessing = 0;
		};
/* End PBXFrameworksBuildPhase section */

/* Begin PBXGroup section */
		EE2C6B8A1EB912DC00534258 = {
			isa = PBXGroup;
			children = (
				EE2C6B951EB912DD00534258 /* IdadeCachorro */,
				EE2C6B941EB912DD00534258 /* Products */,
			);
			sourceTree = "<group>";
		};
		EE2C6B941EB912DD00534258 /* Products */ = {
			isa = PBXGroup;
			children = (
				EE2C6B931EB912DD00534258 /* IdadeCachorro.app */,
			);
			name = Products;
			sourceTree = "<group>";
		};
		EE2C6B951EB912DD00534258 /* IdadeCachorro */ = {
			isa = PBXGroup;
			children = (
				EE2C6BA81EB91BC300534258 /* cachorro.png */,
				EE2C6B961EB912DE00534258 /* AppDelegate.swift */,
				EE2C6B981EB912DE00534258 /* ViewController.swift */,
				EE2C6B9A1EB912DE00534258 /* Main.storyboard */,
				EE2C6B9D1EB912DE00534258 /* Assets.xcassets */,
				EE2C6B9F1EB912DE00534258 /* LaunchScreen.storyboard */,
				EE2C6BA21EB912DE00534258 /* Info.plist */,
			);
			path = IdadeCachorro;
			sourceTree = "<group>";
		};
/* End PBXGroup section */

/* Begin PBXNativeTarget section */
		EE2C6B921EB912DC00534258 /* IdadeCachorro */ = {
			isa = PBXNativeTarget;
			buildConfigurationList = EE2C6BA51EB912DE00534258 /* Build configuration list for PBXNativeTarget "IdadeCachorro" */;
			buildPhases = (
				EE2C6B8F1EB912DC00534258 /* Sources */,
				EE2C6B901EB912DC00534258 /* Frameworks */,
				EE2C6B911EB912DC00534258 /* Resources */,
			);
			buildRules = (
			);
			dependencies = (
			);
			name = IdadeCachorro;
			productName = IdadeCachorro;
			productReference = EE2C6B931EB912DD00534258 /* IdadeCachorro.app */;
			productType = "com.apple.product-type.application";
		};
/* End PBXNativeTarget section */

/* Begin PBXProject section */
		EE2C6B8B1EB912DC00534258 /* Project object */ = {
			isa = PBXProject;
			attributes = {
				LastSwiftUpdateCheck = 0820;
				LastUpgradeCheck = 0820;
				ORGANIZATIONNAME = "Joyce Victal Rondon";
				TargetAttributes = {
					EE2C6B921EB912DC00534258 = {
						CreatedOnToolsVersion = 8.2.1;
						ProvisioningStyle = Automatic;
					};
				};
			};
			buildConfigurationList = EE2C6B8E1EB912DC00534258 /* Build configuration list for PBXProject "IdadeCachorro" */;
			compatibilityVersion = "Xcode 3.2";
			developmentRegion = English;
			hasScannedForEncodings = 0;
			knownRegions = (
				en,
				Base,
			);
			mainGroup = EE2C6B8A1EB912DC00534258;
			productRefGroup = EE2C6B941EB912DD00534258 /* Products */;
			projectDirPath = "";
			projectRoot = "";
			targets = (
				EE2C6B921EB912DC00534258 /* IdadeCachorro */,
			);
		};
/* End PBXProject section */

/* Begin PBXResourcesBuildPhase section */
		EE2C6B911EB912DC00534258 /* Resources */ = {
			isa = PBXResourcesBuildPhase;
			buildActionMask = 2147483647;
			files = (
				EE2C6BA91EB91BC300534258 /* cachorro.png in Resources */,
				EE2C6BA11EB912DE00534258 /* LaunchScreen.storyboard in Resources */,
				EE2C6B9E1EB912DE00534258 /* Assets.xcassets in Resources */,
				EE2C6B9C1EB912DE00534258 /* Main.storyboard in Resources */,
			);
			runOnlyForDeploymentPostprocessing = 0;
		};
/* End PBXResourcesBuildPhase section */

/* Begin PBXSourcesBuildPhase section */
		EE2C6B8F1EB912DC00534258 /* Sources */ = {
			isa = PBXSourcesBuildPhase;
			buildActionMask = 2147483647;
			files = (
				EE2C6B991EB912DE00534258 /* ViewController.swift in Sources */,
				EE2C6B971EB912DE00534258 /* AppDelegate.swift in Sources */,
			);
			runOnlyForDeploymentPostprocessing = 0;
		};
/* End PBXSourcesBuildPhase section */

/* Begin PBXVariantGroup section */
		EE2C6B9A1EB912DE00534258 /* Main.storyboard */ = {
			isa = PBXVariantGroup;
			children = (
				EE2C6B9B1EB912DE00534258 /* Base */,
			);
			name = Main.storyboard;
			sourceTree = "<group>";
		};
		EE2C6B9F1EB912DE00534258 /* LaunchScreen.storyboard */ = {
			isa = PBXVariantGroup;
			children = (
				EE2C6BA01EB912DE00534258 /* Base */,
			);
			name = LaunchScreen.storyboard;
			sourceTree = "<group>";
		};
/* End PBXVariantGroup section */

/* Begin XCBuildConfiguration section */
		EE2C6BA31EB912DE00534258 /* Debug */ = {
			isa = XCBuildConfiguration;
			buildSettings = {
				ALWAYS_SEARCH_USER_PATHS = NO;
				CLANG_ANALYZER_NONNULL = YES;
				CLANG_CXX_LANGUAGE_STANDARD = "gnu++0x";
				CLANG_CXX_LIBRARY = "libc++";
				CLANG_ENABLE_MODULES = YES;
				CLANG_ENABLE_OBJC_ARC = YES;
				CLANG_WARN_BOOL_CONVERSION = YES;
				CLANG_WARN_CONSTANT_CONVERSION = YES;
				CLANG_WARN_DIRECT_OBJC_ISA_USAGE = YES_ERROR;
				CLANG_WARN_DOCUMENTATION_COMMENTS = YES;
				CLANG_WARN_EMPTY_BODY = YES;
				CLANG_WARN_ENUM_CONVERSION = YES;
				CLANG_WARN_INFINITE_RECURSION = YES;
				CLANG_WARN_INT_CONVERSION = YES;
				CLANG_WARN_OBJC_ROOT_CLASS = YES_ERROR;
				CLANG_WARN_SUSPICIOUS_MOVE = YES;
				CLANG_WARN_UNREACHABLE_CODE = YES;
				CLANG_WARN__DUPLICATE_METHOD_MATCH = YES;
				"CODE_SIGN_IDENTITY[sdk=iphoneos*]" = "iPhone Developer";
				COPY_PHASE_STRIP = NO;
				DEBUG_INFORMATION_FORMAT = dwarf;
				ENABLE_STRICT_OBJC_MSGSEND = YES;
				ENABLE_TESTABILITY = YES;
				GCC_C_LANGUAGE_STANDARD = gnu99;
				GCC_DYNAMIC_NO_PIC = NO;
				GCC_NO_COMMON_BLOCKS = YES;
				GCC_OPTIMIZATION_LEVEL = 0;
				GCC_PREPROCESSOR_DEFINITIONS = (
					"DEBUG=1",
					"$(inherited)",
				);
				GCC_WARN_64_TO_32_BIT_CONVERSION = YES;
				GCC_WARN_ABOUT_RETURN_TYPE = YES_ERROR;
				GCC_WARN_UNDECLARED_SELECTOR = YES;
				GCC_WARN_UNINITIALIZED_AUTOS = YES_AGGRESSIVE;
				GCC_WARN_UNUSED_FUNCTION = YES;
				GCC_WARN_UNUSED_VARIABLE = YES;
				IPHONEOS_DEPLOYMENT_TARGET = 10.2;
				MTL_ENABLE_DEBUG_INFO = YES;
				ONLY_ACTIVE_ARCH = YES;
				SDKROOT = iphoneos;
				SWIFT_ACTIVE_COMPILATION_CONDITIONS = DEBUG;
				SWIFT_OPTIMIZATION_LEVEL = "-Onone";
			};
			name = Debug;
		};
		EE2C6BA41EB912DE00534258 /* Release */ = {
			isa = XCBuildConfiguration;
			buildSettings = {
				ALWAYS_SEARCH_USER_PATHS = NO;
				CLANG_ANALYZER_NONNULL = YES;
				CLANG_CXX_LANGUAGE_STANDARD = "gnu++0x";
				CLANG_CXX_LIBRARY = "libc++";
				CLANG_ENABLE_MODULES = YES;
				CLANG_ENABLE_OBJC_ARC = YES;
				CLANG_WARN_BOOL_CONVERSION = YES;
				CLANG_WARN_CONSTANT_CONVERSION = YES;
				CLANG_WARN_DIRECT_OBJC_ISA_USAGE = YES_ERROR;
				CLANG_WARN_DOCUMENTATION_COMMENTS = YES;
				CLANG_WARN_EMPTY_BODY = YES;
				CLANG_WARN_ENUM_CONVERSION = YES;
				CLANG_WARN_INFINITE_RECURSION = YES;
				CLANG_WARN_INT_CONVERSION = YES;
				CLANG_WARN_OBJC_ROOT_CLASS = YES_ERROR;
				CLANG_WARN_SUSPICIOUS_MOVE = YES;
				CLANG_WARN_UNREACHABLE_CODE = YES;
				CLANG_WARN__DUPLICATE_METHOD_MATCH = YES;
				"CODE_SIGN_IDENTITY[sdk=iphoneos*]" = "iPhone Developer";
				COPY_PHASE_STRIP = NO;
				DEBUG_INFORMATION_FORMAT = "dwarf-with-dsym";
				ENABLE_NS_ASSERTIONS = NO;
				ENABLE_STRICT_OBJC_MSGSEND = YES;
				GCC_C_LANGUAGE_STANDARD = gnu99;
				GCC_NO_COMMON_BLOCKS = YES;
				GCC_WARN_64_TO_32_BIT_CONVERSION = YES;
				GCC_WARN_ABOUT_RETURN_TYPE = YES_ERROR;
				GCC_WARN_UNDECLARED_SELECTOR = YES;
				GCC_WARN_UNINITIALIZED_AUTOS = YES_AGGRESSIVE;
				GCC_WARN_UNUSED_FUNCTION = YES;
				GCC_WARN_UNUSED_VARIABLE = YES;
				IPHONEOS_DEPLOYMENT_TARGET = 10.2;
				MTL_ENABLE_DEBUG_INFO = NO;
				SDKROOT = iphoneos;
				SWIFT_OPTIMIZATION_LEVEL = "-Owholemodule";
				VALIDATE_PRODUCT = YES;
			};
			name = Release;
		};
		EE2C6BA61EB912DE00534258 /* Debug */ = {
			isa = XCBuildConfiguration;
			buildSettings = {
				ASSETCATALOG_COMPILER_APPICON_NAME = AppIcon;
				INFOPLIST_FILE = IdadeCachorro/Info.plist;
				LD_RUNPATH_SEARCH_PATHS = "$(inherited) @executable_path/Frameworks";
				PRODUCT_BUNDLE_IDENTIFIER = com.joycevictal.IdadeCachorro;
				PRODUCT_NAME = "$(TARGET_NAME)";
				SWIFT_VERSION = 3.0;
			};
			name = Debug;
		};
		EE2C6BA71EB912DE00534258 /* Release */ = {
			isa = XCBuildConfiguration;
			buildSettings = {
				ASSETCATALOG_COMPILER_APPICON_NAME = AppIcon;
				INFOPLIST_FILE = IdadeCachorro/Info.plist;
				LD_RUNPATH_SEARCH_PATHS = "$(inherited) @executable_path/Frameworks";
				PRODUCT_BUNDLE_IDENTIFIER = com.joycevictal.IdadeCachorro;
				PRODUCT_NAME = "$(TARGET_NAME)";
				SWIFT_VERSION = 3.0;
			};
			name = Release;
		};
/* End XCBuildConfiguration section */

/* Begin XCConfigurationList section */
		EE2C6B8E1EB912DC00534258 /* Build configuration list for PBXProject "IdadeCachorro" */ = {
			isa = XCConfigurationList;
			buildConfigurations = (
				EE2C6BA31EB912DE00534258 /* Debug */,
				EE2C6BA41EB912DE00534258 /* Release */,
			);
			defaultConfigurationIsVisible = 0;
			defaultConfigurationName = Release;
		};
		EE2C6BA51EB912DE00534258 /* Build configuration list for PBXNativeTarget "IdadeCachorro" */ = {
			isa = XCConfigurationList;
			buildConfigurations = (
				EE2C6BA61EB912DE00534258 /* Debug */,
				EE2C6BA71EB912DE00534258 /* Release */,
			);
			defaultConfigurationIsVisible = 0;
		};
/* End XCConfigurationList section */
	};
	rootObject = EE2C6B8B1EB912DC00534258 /* Project object */;
}
